<?xml version="1.0" encoding="UTF-8"?>
<Scheme
   LastUpgradeVersion="1600"
   version="1.7">
   <BuildAction
      parallelizeBuildables="YES"
      buildImplicitDependencies="YES">
      <BuildActionEntries>
         <BuildActionEntry
            buildForTesting="YES"
            buildForRunning="YES"
            buildForProfiling="YES"
            buildForArchiving="YES"
            buildForAnalyzing="YES">
            <BuildableReference
               BuildableIdentifier="primary"
               BlueprintIdentifier="504A63579F14310C45EDB761"
               BuildableName="Ordinatio.app"
               BlueprintName="Ordinatio"
               ReferencedContainer="container:Ordinatio.xcodeproj">
            </BuildableReference>
         </BuildActionEntry>
         <BuildActionEntry
            buildForTesting="YES"
            buildForRunning="NO"
            buildForProfiling="NO"
            buildForArchiving="NO"
            buildForAnalyzing="NO">
            <BuildableReference
               BuildableIdentifier="primary"
               BlueprintIdentifier="9AD796506972085AE75F50A6"
               BuildableName="OrdinatioTests.xctest"
               BlueprintName="OrdinatioTests"
               ReferencedContainer="container:Ordinatio.xcodeproj">
            </BuildableReference>
         </BuildActionEntry>
         <BuildActionEntry
            buildForTesting="YES"
            buildForRunning="NO"
            buildForProfiling="NO"
            buildForArchiving="NO"
            buildForAnalyzing="NO">
            <BuildableReference
               BuildableIdentifier="primary"
               BlueprintIdentifier="D02B9311372DA472D8949B18"
               BuildableName="OrdinatioUITests.xctest"
               BlueprintName="OrdinatioUITests"
               ReferencedContainer="container:Ordinatio.xcodeproj">
            </BuildableReference>
         </BuildActionEntry>
      </BuildActionEntries>
   </BuildAction>
   <TestAction
      buildConfiguration="Debug"
      selectedDebuggerIdentifier="Xcode.DebuggerFoundation.Debugger.LLDB"
      selectedLauncherIdentifier="Xcode.DebuggerFoundation.Launcher.LLDB"
      shouldUseLaunchSchemeArgsEnv="YES">
      <Testables>
         <TestableReference
            skipped="NO">
            <BuildableReference
               BuildableIdentifier="primary"
               BlueprintIdentifier="9AD796506972085AE75F50A6"
               BuildableName="OrdinatioTests.xctest"
               BlueprintName="OrdinatioTests"
               ReferencedContainer="container:Ordinatio.xcodeproj">
            </BuildableReference>
         </TestableReference>
         <TestableReference
            skipped="NO">
            <BuildableReference
               BuildableIdentifier="primary"
               BlueprintIdentifier="D02B9311372DA472D8949B18"
               BuildableName="OrdinatioUITests.xctest"
               BlueprintName="OrdinatioUITests"
               ReferencedContainer="container:Ordinatio.xcodeproj">
            </BuildableReference>
         </TestableReference>
      </Testables>
      <MacroExpansion>
         <BuildableReference
            BuildableIdentifier="primary"
            BlueprintIdentifier="504A63579F14310C45EDB761"
            BuildableName="Ordinatio.app"
            BlueprintName="Ordinatio"
            ReferencedContainer="container:Ordinatio.xcodeproj">
         </BuildableReference>
      </MacroExpansion>
   </TestAction>
   <LaunchAction
      buildConfiguration="Debug"
      selectedDebuggerIdentifier="Xcode.DebuggerFoundation.Debugger.LLDB"
      selectedLauncherIdentifier="Xcode.DebuggerFoundation.Launcher.LLDB"
      launchStyle="0"
      useCustomWorkingDirectory="NO"
      ignoresPersistentStateOnLaunch="NO"
      debugDocumentVersioning="YES"
      debugServiceExtension="internal"
      allowLocationSimulation="YES">
      <BuildableProductRunnable
         runnableDebuggingMode="0">
         <BuildableReference
            BuildableIdentifier="primary"
            BlueprintIdentifier="504A63579F14310C45EDB761"
            BuildableName="Ordinatio.app"
            BlueprintName="Ordinatio"
            ReferencedContainer="container:Ordinatio.xcodeproj">
         </BuildableReference>
      </BuildableProductRunnable>
   </LaunchAction>
   <ProfileAction
      buildConfiguration="Release"
      shouldUseLaunchSchemeArgsEnv="YES"
      savedToolIdentifier=""
      useCustomWorkingDirectory="NO"
      debugDocumentVersioning="YES">
      <BuildableProductRunnable
         runnableDebuggingMode="0">
         <BuildableReference
            BuildableIdentifier="primary"
            BlueprintIdentifier="504A63579F14310C45EDB761"
            BuildableName="Ordinatio.app"
            BlueprintName="Ordinatio"
            ReferencedContainer="container:Ordinatio.xcodeproj">
         </BuildableReference>
      </BuildableProductRunnable>
   </ProfileAction>
   <AnalyzeAction
      buildConfiguration="Debug">
   </AnalyzeAction>
   <ArchiveAction
      buildConfiguration="Release"
      revealArchiveInOrganizer="YES">
   </ArchiveAction>
</Scheme>
