{
  "originHash" : "ae8559a74005595848c7f375a437bfb1a9b6e513a1e16ca5be5d648d5d854e5e",
  "pins" : [
    {
      "identity" : "alamofire",
      "kind" : "remoteSourceControl",
      "location" : "https://github.com/Alamofire/Alamofire",
      "state" : {
        "revision" : "3f99050e75bbc6fe71fc323adabb039756680016",
        "version" : "5.11.1"
      }
    },
    {
      "identity" : "cloudkitsyncmonitor",
      "kind" : "remoteSourceControl",
      "location" : "https://github.com/ggruen/CloudKitSyncMonitor.git",
      "state" : {
        "revision" : "f84f9c074b2c55adc7dc364a4437cfe7249ae529",
        "version" : "1.4.1"
      }
    },
    {
      "identity" : "confettiswiftui",
      "kind" : "remoteSourceControl",
      "location" : "https://github.com/simibac/ConfettiSwiftUI",
      "state" : {
        "revision" : "f45961f97bbae6fff6e2e64546fea0189425ad92",
        "version" : "1.1.0"
      }
    },
    {
      "identity" : "crookedtext",
      "kind" : "remoteSourceControl",
      "location" : "https://github.com/duemunk/CrookedText",
      "state" : {
        "revision" : "70ae8691bdfb62698571e69bd855acf4030795ea",
        "version" : "0.0.1"
      }
    },
    {
      "identity" : "isscrolling",
      "kind" : "remoteSourceControl",
      "location" : "https://github.com/fatbobman/IsScrolling.git",
      "state" : {
        "revision" : "f828c01e563abe06778e46a6784d46f73cb28deb",
        "version" : "1.2.0"
      }
    },
    {
      "identity" : "popovers",
      "kind" : "remoteSourceControl",
      "location" : "https://github.com/aheze/Popovers",
      "state" : {
        "revision" : "de44c4dd7271ec6413fe350f7efadb14e5e18dce",
        "version" : "1.3.2"
      }
    },
    {
      "identity" : "swiftui-introspect",
      "kind" : "remoteSourceControl",
      "location" : "https://github.com/siteline/SwiftUI-Introspect.git",
      "state" : {
        "revision" : "807f73ce09a9b9723f12385e592b4e0aaebd3336",
        "version" : "1.3.0"
      }
    }
  ],
  "version" : 3
}
